lockfileVersion: 5.4

specifiers:
  '@playwright/test': ^1.30.0
  '@types/node': ^18.11.19

devDependencies:
  '@playwright/test': 1.30.0
  '@types/node': 18.11.19

packages:

  /@playwright/test/1.30.0:
    resolution: {integrity: sha512-SVxkQw1xvn/Wk/EvBnqWIq6NLo1AppwbYOjNLmyU0R1RoQ3rLEBtmjTnElcnz8VEtn11fptj1ECxK0tgURhajw==}
    engines: {node: '>=14'}
    hasBin: true
    dependencies:
      '@types/node': 18.11.19
      playwright-core: 1.30.0
    dev: true

  /@types/node/18.11.19:
    resolution: {integrity: sha512-YUgMWAQBWLObABqrvx8qKO1enAvBUdjZOAWQ5grBAkp5LQv45jBvYKZ3oFS9iKRCQyFjqw6iuEa1vmFqtxYLZw==}
    dev: true

  /playwright-core/1.30.0:
    resolution: {integrity: sha512-7AnRmTCf+GVYhHbLJsGUtskWTE33SwMZkybJ0v6rqR1boxq2x36U7p1vDRV7HO2IwTZgmycracLxPEJI49wu4g==}
    engines: {node: '>=14'}
    hasBin: true
    dev: true
